
Microsoft Visual Studio Solution File, Format Version 12.00
# Visual Studio Version 16
VisualStudioVersion = 16.0.30320.27
MinimumVisualStudioVersion = 10.0.40219.1
Project("{9A19103F-16F7-4668-BE54-9A1E7A4F7556}") = "RepusBlog_dataLayer", "RepusBlog_dataLayer\RepusBlog_dataLayer.csproj", "{81E4E7D9-0C0D-49E5-AC2F-79A1E37F464D}"
EndProject
Project("{FAE04EC0-301F-11D3-BF4B-00C04F79EFBC}") = "RepusBlog_presentationLayer", "RepusBlog_presentationLayer\RepusBlog_presentationLayer.csproj", "{E2B4834B-9DC3-40FE-843A-2F25D5CAC731}"
EndProject
Global
	GlobalSection(SolutionConfigurationPlatforms) = preSolution
		Debug|Any CPU = Debug|Any CPU
		Release|Any CPU = Release|Any CPU
	EndGlobalSection
	GlobalSection(ProjectConfigurationPlatforms) = postSolution
		{81E4E7D9-0C0D-49E5-AC2F-79A1E37F464D}.Debug|Any CPU.ActiveCfg = Debug|Any CPU
		{81E4E7D9-0C0D-49E5-AC2F-79A1E37F464D}.Debug|Any CPU.Build.0 = Debug|Any CPU
		{81E4E7D9-0C0D-49E5-AC2F-79A1E37F464D}.Release|Any CPU.ActiveCfg = Release|Any CPU
		{81E4E7D9-0C0D-49E5-AC2F-79A1E37F464D}.Release|Any CPU.Build.0 = Release|Any CPU
		{E2B4834B-9DC3-40FE-843A-2F25D5CAC731}.Debug|Any CPU.ActiveCfg = Debug|Any CPU
		{E2B4834B-9DC3-40FE-843A-2F25D5CAC731}.Debug|Any CPU.Build.0 = Debug|Any CPU
		{E2B4834B-9DC3-40FE-843A-2F25D5CAC731}.Release|Any CPU.ActiveCfg = Release|Any CPU
		{E2B4834B-9DC3-40FE-843A-2F25D5CAC731}.Release|Any CPU.Build.0 = Release|Any CPU
	EndGlobalSection
	GlobalSection(SolutionProperties) = preSolution
		HideSolutionNode = FALSE
	EndGlobalSection
	GlobalSection(ExtensibilityGlobals) = postSolution
		SolutionGuid = {7A1A15F2-8639-42A4-A63F-31FF96AF0B27}
	EndGlobalSection
EndGlobal
